// !$*UTF8*$!
{
	archiveVersion = 1;
	classes = {
	};
	objectVersion = 55;
	objects = {

/* Begin PBXBuildFile section */
		270B08A3F0242BAE17235790 /* Pods_iCamera_iCameraUITests.framework in Frameworks */ = {isa = PBXBuildFile; fileRef = B3B27E28F39C8695BE768B82 /* Pods_iCamera_iCameraUITests.framework */; };
		309AF57E00833797FDF4EE04 /* Pods_iCameraTests.framework in Frameworks */ = {isa = PBXBuildFile; fileRef = 230F65D1C15CBC0CEF069017 /* Pods_iCameraTests.framework */; };
		3601C59D2C954E6800E71978 /* AlbumView.swift in Sources */ = {isa = PBXBuildFile; fileRef = 3601C59C2C954E6800E71978 /* AlbumView.swift */; };
		3605F5642C913CDF00665348 /* Colors.swift in Sources */ = {isa = PBXBuildFile; fileRef = 3605F5632C913CDE00665348 /* Colors.swift */; };
		3605F5662C917CDD00665348 /* CameraView.swift in Sources */ = {isa = PBXBuildFile; fileRef = 3605F5652C917CDD00665348 /* CameraView.swift */; };
		3605F5682C917DBF00665348 /* CameraManager.swift in Sources */ = {isa = PBXBuildFile; fileRef = 3605F5672C917DBF00665348 /* CameraManager.swift */; };
		3605F56E2C91957600665348 /* FlashButtonView.swift in Sources */ = {isa = PBXBuildFile; fileRef = 3605F56D2C91957600665348 /* FlashButtonView.swift */; };
		36130FB52C98507100BAD2F8 /* ScrollViewWithOnScrollChanged.swift in Sources */ = {isa = PBXBuildFile; fileRef = 36130FB42C98507100BAD2F8 /* ScrollViewWithOnScrollChanged.swift */; };
		361C09D42CC68D6F00BFF4E3 /* KeyboardAwareModifier.swift in Sources */ = {isa = PBXBuildFile; fileRef = 361C09D32CC68D6F00BFF4E3 /* KeyboardAwareModifier.swift */; };
		362222362CA0087600AA9EA5 /* EditPhotoView.swift in Sources */ = {isa = PBXBuildFile; fileRef = 362222352CA0087600AA9EA5 /* EditPhotoView.swift */; };
		362222382CA00E1F00AA9EA5 /* MenuButtonView.swift in Sources */ = {isa = PBXBuildFile; fileRef = 362222372CA00E1F00AA9EA5 /* MenuButtonView.swift */; };
		362940D62CC3F12C007C8A54 /* TextManager.swift in Sources */ = {isa = PBXBuildFile; fileRef = 362940D52CC3F12C007C8A54 /* TextManager.swift */; };
		362BD6B32CAADB4C000955D5 /* FilterManager.swift in Sources */ = {isa = PBXBuildFile; fileRef = 362BD6B22CAADB4C000955D5 /* FilterManager.swift */; };
		362BD6B52CAAE351000955D5 /* EditImageView.swift in Sources */ = {isa = PBXBuildFile; fileRef = 362BD6B42CAAE351000955D5 /* EditImageView.swift */; };
		362BD6B72CAAE3ED000955D5 /* MenuButtonManager.swift in Sources */ = {isa = PBXBuildFile; fileRef = 362BD6B62CAAE3ED000955D5 /* MenuButtonManager.swift */; };
		3634CAC32CC91DD20061D5DE /* Extension+View.swift in Sources */ = {isa = PBXBuildFile; fileRef = 3634CAC22CC91DD20061D5DE /* Extension+View.swift */; };
		36447A382CAC0DDA008E1268 /* LUTManager.swift in Sources */ = {isa = PBXBuildFile; fileRef = 36447A372CAC0DDA008E1268 /* LUTManager.swift */; };
		364B4C482CD8F20400CE5627 /* DestinationView.swift in Sources */ = {isa = PBXBuildFile; fileRef = 364B4C472CD8F20400CE5627 /* DestinationView.swift */; };
		36697BFF2CD1241B00070A55 /* CalendarManager.swift in Sources */ = {isa = PBXBuildFile; fileRef = 36697BFE2CD1241B00070A55 /* CalendarManager.swift */; };
		366AC8662CB1572B007A15D1 /* MaskRectangleView.swift in Sources */ = {isa = PBXBuildFile; fileRef = 366AC8652CB1572B007A15D1 /* MaskRectangleView.swift */; };
		366AC8682CB15B27007A15D1 /* SelectionFrameView.swift in Sources */ = {isa = PBXBuildFile; fileRef = 366AC8672CB15B27007A15D1 /* SelectionFrameView.swift */; };
		36810C512C8F0F09002C680A /* MainView.swift in Sources */ = {isa = PBXBuildFile; fileRef = 36810C502C8F0F09002C680A /* MainView.swift */; };
		36810C532C8F1E7E002C680A /* TopBarView.swift in Sources */ = {isa = PBXBuildFile; fileRef = 36810C522C8F1E7E002C680A /* TopBarView.swift */; };
		36810C552C8F287A002C680A /* ListView.swift in Sources */ = {isa = PBXBuildFile; fileRef = 36810C542C8F287A002C680A /* ListView.swift */; };
		36810C572C8F3199002C680A /* TestView.swift in Sources */ = {isa = PBXBuildFile; fileRef = 36810C562C8F3199002C680A /* TestView.swift */; };
		3682EF1A2CC8BA5D00D18FE1 /* AttributedTextView.swift in Sources */ = {isa = PBXBuildFile; fileRef = 3682EF192CC8BA5D00D18FE1 /* AttributedTextView.swift */; };
		3682EF1C2CC8ECC500D18FE1 /* TextView.swift in Sources */ = {isa = PBXBuildFile; fileRef = 3682EF1B2CC8ECC500D18FE1 /* TextView.swift */; };
		3688E9ED2CAE6933001DC9DC /* StickerView.swift in Sources */ = {isa = PBXBuildFile; fileRef = 3688E9EC2CAE6933001DC9DC /* StickerView.swift */; };
		3688E9EF2CAE7036001DC9DC /* StickerManager.swift in Sources */ = {isa = PBXBuildFile; fileRef = 3688E9EE2CAE7036001DC9DC /* StickerManager.swift */; };
		368D426E2CCBCF9B00E3E0FB /* CalendarView.swift in Sources */ = {isa = PBXBuildFile; fileRef = 368D426D2CCBCF9B00E3E0FB /* CalendarView.swift */; };
		3692E40A2CC4D3AC003CBACB /* TextInputView.swift in Sources */ = {isa = PBXBuildFile; fileRef = 3692E4092CC4D3AC003CBACB /* TextInputView.swift */; };
		3692E40C2CC4E540003CBACB /* CustomTextEditor.swift in Sources */ = {isa = PBXBuildFile; fileRef = 3692E40B2CC4E540003CBACB /* CustomTextEditor.swift */; };
		3692E40E2CC527E0003CBACB /* TextMenuView.swift in Sources */ = {isa = PBXBuildFile; fileRef = 3692E40D2CC527E0003CBACB /* TextMenuView.swift */; };
		3692E4102CC544E9003CBACB /* SelectColorView.swift in Sources */ = {isa = PBXBuildFile; fileRef = 3692E40F2CC544E9003CBACB /* SelectColorView.swift */; };
		369651602CA9831E004E0134 /* TestPhotoView.swift in Sources */ = {isa = PBXBuildFile; fileRef = 3696515F2CA9831E004E0134 /* TestPhotoView.swift */; };
		3697D1B32C9FEF990012ABDC /* NotificationName.swift in Sources */ = {isa = PBXBuildFile; fileRef = 3697D1B22C9FEF990012ABDC /* NotificationName.swift */; };
		369E7BF52C8DAB970044EAF1 /* iCameraApp.swift in Sources */ = {isa = PBXBuildFile; fileRef = 369E7BF42C8DAB970044EAF1 /* iCameraApp.swift */; };
		369E7BF72C8DAB970044EAF1 /* ContentView.swift in Sources */ = {isa = PBXBuildFile; fileRef = 369E7BF62C8DAB970044EAF1 /* ContentView.swift */; };
		369E7BF92C8DAB980044EAF1 /* Assets.xcassets in Resources */ = {isa = PBXBuildFile; fileRef = 369E7BF82C8DAB980044EAF1 /* Assets.xcassets */; };
		369E7BFC2C8DAB980044EAF1 /* Preview Assets.xcassets in Resources */ = {isa = PBXBuildFile; fileRef = 369E7BFB2C8DAB980044EAF1 /* Preview Assets.xcassets */; };
		369E7C062C8DAB980044EAF1 /* iCameraTests.swift in Sources */ = {isa = PBXBuildFile; fileRef = 369E7C052C8DAB980044EAF1 /* iCameraTests.swift */; };
		369E7C102C8DAB980044EAF1 /* iCameraUITests.swift in Sources */ = {isa = PBXBuildFile; fileRef = 369E7C0F2C8DAB980044EAF1 /* iCameraUITests.swift */; };
		369E7C122C8DAB980044EAF1 /* iCameraUITestsLaunchTests.swift in Sources */ = {isa = PBXBuildFile; fileRef = 369E7C112C8DAB980044EAF1 /* iCameraUITestsLaunchTests.swift */; };
		36A12E092CA19D1F00228784 /* FilterImageView.swift in Sources */ = {isa = PBXBuildFile; fileRef = 36A12E082CA19D1F00228784 /* FilterImageView.swift */; };
		36A954C42CB25BDE00E43960 /* CutImageManager.swift in Sources */ = {isa = PBXBuildFile; fileRef = 36A954C32CB25BDE00E43960 /* CutImageManager.swift */; };
		36B2AC9B2CABC2F300F28115 /* test.CUBE in Resources */ = {isa = PBXBuildFile; fileRef = 36B2AC9A2CABC2F300F28115 /* test.CUBE */; };
		36B2ACA32CABDC3F00F28115 /* Going for a walk.CUBE in Resources */ = {isa = PBXBuildFile; fileRef = 36B2ACA22CABDC3F00F28115 /* Going for a walk.CUBE */; };
		36BCF7242C94AA8500FF2529 /* AlbumManager.swift in Sources */ = {isa = PBXBuildFile; fileRef = 36BCF7232C94AA8500FF2529 /* AlbumManager.swift */; };
		36CF3DF32CB139C5004D58BF /* CutImageView.swift in Sources */ = {isa = PBXBuildFile; fileRef = 36CF3DF22CB139C5004D58BF /* CutImageView.swift */; };
		36CFA3712CD345D100DF6E1E /* CommentsView.swift in Sources */ = {isa = PBXBuildFile; fileRef = 36CFA3702CD345D100DF6E1E /* CommentsView.swift */; };
		36D096212C943DCA00F37AE0 /* GalleryView.swift in Sources */ = {isa = PBXBuildFile; fileRef = 36D096202C943DCA00F37AE0 /* GalleryView.swift */; };
		36D221BB2CDA4C000007A0D3 /* CoreDataManager.swift in Sources */ = {isa = PBXBuildFile; fileRef = 36D221BA2CDA4C000007A0D3 /* CoreDataManager.swift */; };
		36D221C12CDA5C760007A0D3 /* CalendarData.swift in Sources */ = {isa = PBXBuildFile; fileRef = 36D221C02CDA5C760007A0D3 /* CalendarData.swift */; };
		36D221D02CDA6F1E0007A0D3 /* iCamera.xcdatamodeld in Sources */ = {isa = PBXBuildFile; fileRef = 36D221CE2CDA6F1E0007A0D3 /* iCamera.xcdatamodeld */; };
		36F84FB62CD1EA7D008275F5 /* CalendarCell.swift in Sources */ = {isa = PBXBuildFile; fileRef = 36F84FB52CD1EA7D008275F5 /* CalendarCell.swift */; };
		36F84FB82CD1EFBC008275F5 /* GradientRectangleView.swift in Sources */ = {isa = PBXBuildFile; fileRef = 36F84FB72CD1EFBC008275F5 /* GradientRectangleView.swift */; };
		36F84FBB2CD24A9C008275F5 /* NotoSansKR-Regular.ttf in Resources */ = {isa = PBXBuildFile; fileRef = 36F84FBA2CD24A9C008275F5 /* NotoSansKR-Regular.ttf */; };
		36F84FBD2CD24AE5008275F5 /* Font.swift in Sources */ = {isa = PBXBuildFile; fileRef = 36F84FBC2CD24AE5008275F5 /* Font.swift */; };
		36F84FBF2CD24BA1008275F5 /* NanumGothicCoding-Regular.ttf in Resources */ = {isa = PBXBuildFile; fileRef = 36F84FBE2CD24BA1008275F5 /* NanumGothicCoding-Regular.ttf */; };
		36F84FC12CD24CC3008275F5 /* IBMPlexSansKR-Regular.ttf in Resources */ = {isa = PBXBuildFile; fileRef = 36F84FC02CD24CC3008275F5 /* IBMPlexSansKR-Regular.ttf */; };
		36F84FC32CD25CA3008275F5 /* Karla-Medium.ttf in Resources */ = {isa = PBXBuildFile; fileRef = 36F84FC22CD25CA3008275F5 /* Karla-Medium.ttf */; };
		9C32D781FF23E52D4E3D0AED /* Pods_iCamera.framework in Frameworks */ = {isa = PBXBuildFile; fileRef = FFD8CDA07FE90C39A19689A8 /* Pods_iCamera.framework */; };
/* End PBXBuildFile section */

/* Begin PBXContainerItemProxy section */
		369E7C022C8DAB980044EAF1 /* PBXContainerItemProxy */ = {
			isa = PBXContainerItemProxy;
			containerPortal = 369E7BE92C8DAB970044EAF1 /* Project object */;
			proxyType = 1;
			remoteGlobalIDString = 369E7BF02C8DAB970044EAF1;
			remoteInfo = iCamera;
		};
		369E7C0C2C8DAB980044EAF1 /* PBXContainerItemProxy */ = {
			isa = PBXContainerItemProxy;
			containerPortal = 369E7BE92C8DAB970044EAF1 /* Project object */;
			proxyType = 1;
			remoteGlobalIDString = 369E7BF02C8DAB970044EAF1;
			remoteInfo = iCamera;
		};
/* End PBXContainerItemProxy section */

/* Begin PBXFileReference section */
		230F65D1C15CBC0CEF069017 /* Pods_iCameraTests.framework */ = {isa = PBXFileReference; explicitFileType = wrapper.framework; includeInIndex = 0; path = Pods_iCameraTests.framework; sourceTree = BUILT_PRODUCTS_DIR; };
		3601C59C2C954E6800E71978 /* AlbumView.swift */ = {isa = PBXFileReference; lastKnownFileType = sourcecode.swift; path = AlbumView.swift; sourceTree = "<group>"; };
		3605F5632C913CDE00665348 /* Colors.swift */ = {isa = PBXFileReference; lastKnownFileType = sourcecode.swift; path = Colors.swift; sourceTree = "<group>"; };
		3605F5652C917CDD00665348 /* CameraView.swift */ = {isa = PBXFileReference; lastKnownFileType = sourcecode.swift; path = CameraView.swift; sourceTree = "<group>"; };
		3605F5672C917DBF00665348 /* CameraManager.swift */ = {isa = PBXFileReference; lastKnownFileType = sourcecode.swift; path = CameraManager.swift; sourceTree = "<group>"; };
		3605F56D2C91957600665348 /* FlashButtonView.swift */ = {isa = PBXFileReference; lastKnownFileType = sourcecode.swift; path = FlashButtonView.swift; sourceTree = "<group>"; };
		36130FB42C98507100BAD2F8 /* ScrollViewWithOnScrollChanged.swift */ = {isa = PBXFileReference; lastKnownFileType = sourcecode.swift; path = ScrollViewWithOnScrollChanged.swift; sourceTree = "<group>"; };
		361C09D32CC68D6F00BFF4E3 /* KeyboardAwareModifier.swift */ = {isa = PBXFileReference; lastKnownFileType = sourcecode.swift; path = KeyboardAwareModifier.swift; sourceTree = "<group>"; };
		362222352CA0087600AA9EA5 /* EditPhotoView.swift */ = {isa = PBXFileReference; lastKnownFileType = sourcecode.swift; path = EditPhotoView.swift; sourceTree = "<group>"; };
		362222372CA00E1F00AA9EA5 /* MenuButtonView.swift */ = {isa = PBXFileReference; lastKnownFileType = sourcecode.swift; path = MenuButtonView.swift; sourceTree = "<group>"; };
		362940D52CC3F12C007C8A54 /* TextManager.swift */ = {isa = PBXFileReference; lastKnownFileType = sourcecode.swift; path = TextManager.swift; sourceTree = "<group>"; };
		362BD6B22CAADB4C000955D5 /* FilterManager.swift */ = {isa = PBXFileReference; lastKnownFileType = sourcecode.swift; path = FilterManager.swift; sourceTree = "<group>"; };
		362BD6B42CAAE351000955D5 /* EditImageView.swift */ = {isa = PBXFileReference; lastKnownFileType = sourcecode.swift; path = EditImageView.swift; sourceTree = "<group>"; };
		362BD6B62CAAE3ED000955D5 /* MenuButtonManager.swift */ = {isa = PBXFileReference; lastKnownFileType = sourcecode.swift; path = MenuButtonManager.swift; sourceTree = "<group>"; };
		3634CAC22CC91DD20061D5DE /* Extension+View.swift */ = {isa = PBXFileReference; lastKnownFileType = sourcecode.swift; path = "Extension+View.swift"; sourceTree = "<group>"; };
		36447A372CAC0DDA008E1268 /* LUTManager.swift */ = {isa = PBXFileReference; lastKnownFileType = sourcecode.swift; path = LUTManager.swift; sourceTree = "<group>"; };
		364B4C472CD8F20400CE5627 /* DestinationView.swift */ = {isa = PBXFileReference; lastKnownFileType = sourcecode.swift; path = DestinationView.swift; sourceTree = "<group>"; };
		36697BFE2CD1241B00070A55 /* CalendarManager.swift */ = {isa = PBXFileReference; lastKnownFileType = sourcecode.swift; path = CalendarManager.swift; sourceTree = "<group>"; };
		366AC8652CB1572B007A15D1 /* MaskRectangleView.swift */ = {isa = PBXFileReference; lastKnownFileType = sourcecode.swift; path = MaskRectangleView.swift; sourceTree = "<group>"; };
		366AC8672CB15B27007A15D1 /* SelectionFrameView.swift */ = {isa = PBXFileReference; lastKnownFileType = sourcecode.swift; path = SelectionFrameView.swift; sourceTree = "<group>"; };
		36810C502C8F0F09002C680A /* MainView.swift */ = {isa = PBXFileReference; lastKnownFileType = sourcecode.swift; path = MainView.swift; sourceTree = "<group>"; };
		36810C522C8F1E7E002C680A /* TopBarView.swift */ = {isa = PBXFileReference; lastKnownFileType = sourcecode.swift; path = TopBarView.swift; sourceTree = "<group>"; };
		36810C542C8F287A002C680A /* ListView.swift */ = {isa = PBXFileReference; lastKnownFileType = sourcecode.swift; path = ListView.swift; sourceTree = "<group>"; };
		36810C562C8F3199002C680A /* TestView.swift */ = {isa = PBXFileReference; lastKnownFileType = sourcecode.swift; path = TestView.swift; sourceTree = "<group>"; };
		3682EF192CC8BA5D00D18FE1 /* AttributedTextView.swift */ = {isa = PBXFileReference; lastKnownFileType = sourcecode.swift; path = AttributedTextView.swift; sourceTree = "<group>"; };
		3682EF1B2CC8ECC500D18FE1 /* TextView.swift */ = {isa = PBXFileReference; lastKnownFileType = sourcecode.swift; path = TextView.swift; sourceTree = "<group>"; };
		3688E9EC2CAE6933001DC9DC /* StickerView.swift */ = {isa = PBXFileReference; lastKnownFileType = sourcecode.swift; path = StickerView.swift; sourceTree = "<group>"; };
		3688E9EE2CAE7036001DC9DC /* StickerManager.swift */ = {isa = PBXFileReference; lastKnownFileType = sourcecode.swift; path = StickerManager.swift; sourceTree = "<group>"; };
		368D426D2CCBCF9B00E3E0FB /* CalendarView.swift */ = {isa = PBXFileReference; lastKnownFileType = sourcecode.swift; path = CalendarView.swift; sourceTree = "<group>"; };
		3692E4092CC4D3AC003CBACB /* TextInputView.swift */ = {isa = PBXFileReference; lastKnownFileType = sourcecode.swift; path = TextInputView.swift; sourceTree = "<group>"; };
		3692E40B2CC4E540003CBACB /* CustomTextEditor.swift */ = {isa = PBXFileReference; lastKnownFileType = sourcecode.swift; path = CustomTextEditor.swift; sourceTree = "<group>"; };
		3692E40D2CC527E0003CBACB /* TextMenuView.swift */ = {isa = PBXFileReference; lastKnownFileType = sourcecode.swift; path = TextMenuView.swift; sourceTree = "<group>"; };
		3692E40F2CC544E9003CBACB /* SelectColorView.swift */ = {isa = PBXFileReference; lastKnownFileType = sourcecode.swift; path = SelectColorView.swift; sourceTree = "<group>"; };
		3696515F2CA9831E004E0134 /* TestPhotoView.swift */ = {isa = PBXFileReference; lastKnownFileType = sourcecode.swift; path = TestPhotoView.swift; sourceTree = "<group>"; };
		3697D1B22C9FEF990012ABDC /* NotificationName.swift */ = {isa = PBXFileReference; lastKnownFileType = sourcecode.swift; path = NotificationName.swift; sourceTree = "<group>"; };
		369E7BF12C8DAB970044EAF1 /* iCamera.app */ = {isa = PBXFileReference; explicitFileType = wrapper.application; includeInIndex = 0; path = iCamera.app; sourceTree = BUILT_PRODUCTS_DIR; };
		369E7BF42C8DAB970044EAF1 /* iCameraApp.swift */ = {isa = PBXFileReference; lastKnownFileType = sourcecode.swift; path = iCameraApp.swift; sourceTree = "<group>"; };
		369E7BF62C8DAB970044EAF1 /* ContentView.swift */ = {isa = PBXFileReference; lastKnownFileType = sourcecode.swift; path = ContentView.swift; sourceTree = "<group>"; };
		369E7BF82C8DAB980044EAF1 /* Assets.xcassets */ = {isa = PBXFileReference; lastKnownFileType = folder.assetcatalog; path = Assets.xcassets; sourceTree = "<group>"; };
		369E7BFB2C8DAB980044EAF1 /* Preview Assets.xcassets */ = {isa = PBXFileReference; lastKnownFileType = folder.assetcatalog; path = "Preview Assets.xcassets"; sourceTree = "<group>"; };
		369E7C012C8DAB980044EAF1 /* iCameraTests.xctest */ = {isa = PBXFileReference; explicitFileType = wrapper.cfbundle; includeInIndex = 0; path = iCameraTests.xctest; sourceTree = BUILT_PRODUCTS_DIR; };
		369E7C052C8DAB980044EAF1 /* iCameraTests.swift */ = {isa = PBXFileReference; lastKnownFileType = sourcecode.swift; path = iCameraTests.swift; sourceTree = "<group>"; };
		369E7C0B2C8DAB980044EAF1 /* iCameraUITests.xctest */ = {isa = PBXFileReference; explicitFileType = wrapper.cfbundle; includeInIndex = 0; path = iCameraUITests.xctest; sourceTree = BUILT_PRODUCTS_DIR; };
		369E7C0F2C8DAB980044EAF1 /* iCameraUITests.swift */ = {isa = PBXFileReference; lastKnownFileType = sourcecode.swift; path = iCameraUITests.swift; sourceTree = "<group>"; };
		369E7C112C8DAB980044EAF1 /* iCameraUITestsLaunchTests.swift */ = {isa = PBXFileReference; lastKnownFileType = sourcecode.swift; path = iCameraUITestsLaunchTests.swift; sourceTree = "<group>"; };
		36A12E082CA19D1F00228784 /* FilterImageView.swift */ = {isa = PBXFileReference; lastKnownFileType = sourcecode.swift; path = FilterImageView.swift; sourceTree = "<group>"; };
		36A954C32CB25BDE00E43960 /* CutImageManager.swift */ = {isa = PBXFileReference; lastKnownFileType = sourcecode.swift; path = CutImageManager.swift; sourceTree = "<group>"; };
		36B2AC9A2CABC2F300F28115 /* test.CUBE */ = {isa = PBXFileReference; lastKnownFileType = text; name = test.CUBE; path = cube/test.CUBE; sourceTree = SOURCE_ROOT; };
		36B2ACA22CABDC3F00F28115 /* Going for a walk.CUBE */ = {isa = PBXFileReference; lastKnownFileType = text; name = "Going for a walk.CUBE"; path = "cube/Going for a walk.CUBE"; sourceTree = SOURCE_ROOT; };
		36BCF7232C94AA8500FF2529 /* AlbumManager.swift */ = {isa = PBXFileReference; lastKnownFileType = sourcecode.swift; path = AlbumManager.swift; sourceTree = "<group>"; };
		36CF3DF22CB139C5004D58BF /* CutImageView.swift */ = {isa = PBXFileReference; lastKnownFileType = sourcecode.swift; path = CutImageView.swift; sourceTree = "<group>"; };
		36CFA3702CD345D100DF6E1E /* CommentsView.swift */ = {isa = PBXFileReference; lastKnownFileType = sourcecode.swift; path = CommentsView.swift; sourceTree = "<group>"; };
		36D096202C943DCA00F37AE0 /* GalleryView.swift */ = {isa = PBXFileReference; lastKnownFileType = sourcecode.swift; path = GalleryView.swift; sourceTree = "<group>"; };
		36D221BA2CDA4C000007A0D3 /* CoreDataManager.swift */ = {isa = PBXFileReference; lastKnownFileType = sourcecode.swift; path = CoreDataManager.swift; sourceTree = "<group>"; };
		36D221C02CDA5C760007A0D3 /* CalendarData.swift */ = {isa = PBXFileReference; lastKnownFileType = sourcecode.swift; path = CalendarData.swift; sourceTree = "<group>"; };
		36D221CF2CDA6F1E0007A0D3 /* iCamera.xcdatamodel */ = {isa = PBXFileReference; lastKnownFileType = wrapper.xcdatamodel; path = iCamera.xcdatamodel; sourceTree = "<group>"; };
		36F84FB52CD1EA7D008275F5 /* CalendarCell.swift */ = {isa = PBXFileReference; lastKnownFileType = sourcecode.swift; path = CalendarCell.swift; sourceTree = "<group>"; };
		36F84FB72CD1EFBC008275F5 /* GradientRectangleView.swift */ = {isa = PBXFileReference; lastKnownFileType = sourcecode.swift; path = GradientRectangleView.swift; sourceTree = "<group>"; };
		36F84FBA2CD24A9C008275F5 /* NotoSansKR-Regular.ttf */ = {isa = PBXFileReference; lastKnownFileType = file; path = "NotoSansKR-Regular.ttf"; sourceTree = "<group>"; };
		36F84FBC2CD24AE5008275F5 /* Font.swift */ = {isa = PBXFileReference; lastKnownFileType = sourcecode.swift; path = Font.swift; sourceTree = "<group>"; };
		36F84FBE2CD24BA1008275F5 /* NanumGothicCoding-Regular.ttf */ = {isa = PBXFileReference; lastKnownFileType = file; path = "NanumGothicCoding-Regular.ttf"; sourceTree = "<group>"; };
		36F84FC02CD24CC3008275F5 /* IBMPlexSansKR-Regular.ttf */ = {isa = PBXFileReference; lastKnownFileType = file; path = "IBMPlexSansKR-Regular.ttf"; sourceTree = "<group>"; };
		36F84FC22CD25CA3008275F5 /* Karla-Medium.ttf */ = {isa = PBXFileReference; lastKnownFileType = file; path = "Karla-Medium.ttf"; sourceTree = "<group>"; };
		46AE29EE4F917B66260485F5 /* Pods-iCamera.release.xcconfig */ = {isa = PBXFileReference; includeInIndex = 1; lastKnownFileType = text.xcconfig; name = "Pods-iCamera.release.xcconfig"; path = "Target Support Files/Pods-iCamera/Pods-iCamera.release.xcconfig"; sourceTree = "<group>"; };
		48749E9DD27FF6C0E7743471 /* Pods-iCamera-iCameraUITests.release.xcconfig */ = {isa = PBXFileReference; includeInIndex = 1; lastKnownFileType = text.xcconfig; name = "Pods-iCamera-iCameraUITests.release.xcconfig"; path = "Target Support Files/Pods-iCamera-iCameraUITests/Pods-iCamera-iCameraUITests.release.xcconfig"; sourceTree = "<group>"; };
		4A294F65422997CABAAC1F83 /* Pods-iCameraTests.debug.xcconfig */ = {isa = PBXFileReference; includeInIndex = 1; lastKnownFileType = text.xcconfig; name = "Pods-iCameraTests.debug.xcconfig"; path = "Target Support Files/Pods-iCameraTests/Pods-iCameraTests.debug.xcconfig"; sourceTree = "<group>"; };
		770D62A0D3B40BA5019B767E /* Pods-iCameraTests.release.xcconfig */ = {isa = PBXFileReference; includeInIndex = 1; lastKnownFileType = text.xcconfig; name = "Pods-iCameraTests.release.xcconfig"; path = "Target Support Files/Pods-iCameraTests/Pods-iCameraTests.release.xcconfig"; sourceTree = "<group>"; };
		8FC7DDFADCE5355DD99BD502 /* Pods-iCamera.debug.xcconfig */ = {isa = PBXFileReference; includeInIndex = 1; lastKnownFileType = text.xcconfig; name = "Pods-iCamera.debug.xcconfig"; path = "Target Support Files/Pods-iCamera/Pods-iCamera.debug.xcconfig"; sourceTree = "<group>"; };
		9AD89A73753ECDF8D5EE2EF4 /* Pods-iCamera-iCameraUITests.debug.xcconfig */ = {isa = PBXFileReference; includeInIndex = 1; lastKnownFileType = text.xcconfig; name = "Pods-iCamera-iCameraUITests.debug.xcconfig"; path = "Target Support Files/Pods-iCamera-iCameraUITests/Pods-iCamera-iCameraUITests.debug.xcconfig"; sourceTree = "<group>"; };
		B3B27E28F39C8695BE768B82 /* Pods_iCamera_iCameraUITests.framework */ = {isa = PBXFileReference; explicitFileType = wrapper.framework; includeInIndex = 0; path = Pods_iCamera_iCameraUITests.framework; sourceTree = BUILT_PRODUCTS_DIR; };
		FFD8CDA07FE90C39A19689A8 /* Pods_iCamera.framework */ = {isa = PBXFileReference; explicitFileType = wrapper.framework; includeInIndex = 0; path = Pods_iCamera.framework; sourceTree = BUILT_PRODUCTS_DIR; };
/* End PBXFileReference section */

/* Begin PBXFrameworksBuildPhase section */
		369E7BEE2C8DAB970044EAF1 /* Frameworks */ = {
			isa = PBXFrameworksBuildPhase;
			buildActionMask = 2147483647;
			files = (
				9C32D781FF23E52D4E3D0AED /* Pods_iCamera.framework in Frameworks */,
			);
			runOnlyForDeploymentPostprocessing = 0;
		};
		369E7BFE2C8DAB980044EAF1 /* Frameworks */ = {
			isa = PBXFrameworksBuildPhase;
			buildActionMask = 2147483647;
			files = (
				309AF57E00833797FDF4EE04 /* Pods_iCameraTests.framework in Frameworks */,
			);
			runOnlyForDeploymentPostprocessing = 0;
		};
		369E7C082C8DAB980044EAF1 /* Frameworks */ = {
			isa = PBXFrameworksBuildPhase;
			buildActionMask = 2147483647;
			files = (
				270B08A3F0242BAE17235790 /* Pods_iCamera_iCameraUITests.framework in Frameworks */,
			);
			runOnlyForDeploymentPostprocessing = 0;
		};
/* End PBXFrameworksBuildPhase section */

/* Begin PBXGroup section */
		3605F5622C913CCD00665348 /* Supporting Views */ = {
			isa = PBXGroup;
			children = (
				3605F5632C913CDE00665348 /* Colors.swift */,
				36810C522C8F1E7E002C680A /* TopBarView.swift */,
				36810C542C8F287A002C680A /* ListView.swift */,
				3605F56D2C91957600665348 /* FlashButtonView.swift */,
				362222372CA00E1F00AA9EA5 /* MenuButtonView.swift */,
				36A12E082CA19D1F00228784 /* FilterImageView.swift */,
				362BD6B42CAAE351000955D5 /* EditImageView.swift */,
				3688E9EC2CAE6933001DC9DC /* StickerView.swift */,
				36CF3DF22CB139C5004D58BF /* CutImageView.swift */,
				366AC8652CB1572B007A15D1 /* MaskRectangleView.swift */,
				366AC8672CB15B27007A15D1 /* SelectionFrameView.swift */,
				3692E4092CC4D3AC003CBACB /* TextInputView.swift */,
				3692E40B2CC4E540003CBACB /* CustomTextEditor.swift */,
				3692E40D2CC527E0003CBACB /* TextMenuView.swift */,
				3692E40F2CC544E9003CBACB /* SelectColorView.swift */,
				3682EF192CC8BA5D00D18FE1 /* AttributedTextView.swift */,
				3682EF1B2CC8ECC500D18FE1 /* TextView.swift */,
				3634CAC22CC91DD20061D5DE /* Extension+View.swift */,
				36F84FB52CD1EA7D008275F5 /* CalendarCell.swift */,
				36F84FB72CD1EFBC008275F5 /* GradientRectangleView.swift */,
			);
			path = "Supporting Views";
			sourceTree = "<group>";
		};
		3605F5692C917DDA00665348 /* Utilities */ = {
			isa = PBXGroup;
			children = (
				3605F5672C917DBF00665348 /* CameraManager.swift */,
				36BCF7232C94AA8500FF2529 /* AlbumManager.swift */,
				3697D1B22C9FEF990012ABDC /* NotificationName.swift */,
				362BD6B22CAADB4C000955D5 /* FilterManager.swift */,
				362BD6B62CAAE3ED000955D5 /* MenuButtonManager.swift */,
				36447A372CAC0DDA008E1268 /* LUTManager.swift */,
				3688E9EE2CAE7036001DC9DC /* StickerManager.swift */,
				36A954C32CB25BDE00E43960 /* CutImageManager.swift */,
				362940D52CC3F12C007C8A54 /* TextManager.swift */,
				361C09D32CC68D6F00BFF4E3 /* KeyboardAwareModifier.swift */,
				36697BFE2CD1241B00070A55 /* CalendarManager.swift */,
				36F84FBC2CD24AE5008275F5 /* Font.swift */,
				364B4C472CD8F20400CE5627 /* DestinationView.swift */,
			);
			path = Utilities;
			sourceTree = "<group>";
		};
		36810C4D2C8F0ED4002C680A /* View */ = {
			isa = PBXGroup;
			children = (
				36810C502C8F0F09002C680A /* MainView.swift */,
				36810C562C8F3199002C680A /* TestView.swift */,
				3605F5652C917CDD00665348 /* CameraView.swift */,
				36D096202C943DCA00F37AE0 /* GalleryView.swift */,
				3601C59C2C954E6800E71978 /* AlbumView.swift */,
				36130FB42C98507100BAD2F8 /* ScrollViewWithOnScrollChanged.swift */,
				362222352CA0087600AA9EA5 /* EditPhotoView.swift */,
				3696515F2CA9831E004E0134 /* TestPhotoView.swift */,
				368D426D2CCBCF9B00E3E0FB /* CalendarView.swift */,
				36CFA3702CD345D100DF6E1E /* CommentsView.swift */,
			);
			path = View;
			sourceTree = "<group>";
		};
		369E7BE82C8DAB970044EAF1 = {
			isa = PBXGroup;
			children = (
				369E7BF32C8DAB970044EAF1 /* iCamera */,
				369E7C042C8DAB980044EAF1 /* iCameraTests */,
				369E7C0E2C8DAB980044EAF1 /* iCameraUITests */,
				369E7BF22C8DAB970044EAF1 /* Products */,
				AB54171CED7E7CA70687D901 /* Pods */,
				E5F21F7012C7808264CEC618 /* Frameworks */,
			);
			sourceTree = "<group>";
		};
		369E7BF22C8DAB970044EAF1 /* Products */ = {
			isa = PBXGroup;
			children = (
				369E7BF12C8DAB970044EAF1 /* iCamera.app */,
				369E7C012C8DAB980044EAF1 /* iCameraTests.xctest */,
				369E7C0B2C8DAB980044EAF1 /* iCameraUITests.xctest */,
			);
			name = Products;
			sourceTree = "<group>";
		};
		369E7BF32C8DAB970044EAF1 /* iCamera */ = {
			isa = PBXGroup;
			children = (
				36D221BC2CDA527D0007A0D3 /* CoreData */,
				36F84FB92CD24A32008275F5 /* Font */,
				36B2AC992CABC2EA00F28115 /* Cube */,
				3605F5692C917DDA00665348 /* Utilities */,
				3605F5622C913CCD00665348 /* Supporting Views */,
				36810C4D2C8F0ED4002C680A /* View */,
				369E7BF42C8DAB970044EAF1 /* iCameraApp.swift */,
				369E7BF62C8DAB970044EAF1 /* ContentView.swift */,
				369E7BF82C8DAB980044EAF1 /* Assets.xcassets */,
				369E7BFA2C8DAB980044EAF1 /* Preview Content */,
			);
			path = iCamera;
			sourceTree = "<group>";
		};
		369E7BFA2C8DAB980044EAF1 /* Preview Content */ = {
			isa = PBXGroup;
			children = (
				369E7BFB2C8DAB980044EAF1 /* Preview Assets.xcassets */,
			);
			path = "Preview Content";
			sourceTree = "<group>";
		};
		369E7C042C8DAB980044EAF1 /* iCameraTests */ = {
			isa = PBXGroup;
			children = (
				369E7C052C8DAB980044EAF1 /* iCameraTests.swift */,
			);
			path = iCameraTests;
			sourceTree = "<group>";
		};
		369E7C0E2C8DAB980044EAF1 /* iCameraUITests */ = {
			isa = PBXGroup;
			children = (
				369E7C0F2C8DAB980044EAF1 /* iCameraUITests.swift */,
				369E7C112C8DAB980044EAF1 /* iCameraUITestsLaunchTests.swift */,
			);
			path = iCameraUITests;
			sourceTree = "<group>";
		};
		36B2AC992CABC2EA00F28115 /* Cube */ = {
			isa = PBXGroup;
			children = (
				36B2AC9A2CABC2F300F28115 /* test.CUBE */,
				36B2ACA22CABDC3F00F28115 /* Going for a walk.CUBE */,
			);
			path = Cube;
			sourceTree = "<group>";
		};
		36D221BC2CDA527D0007A0D3 /* CoreData */ = {
			isa = PBXGroup;
			children = (
				36D221BA2CDA4C000007A0D3 /* CoreDataManager.swift */,
				36D221C02CDA5C760007A0D3 /* CalendarData.swift */,
				36D221CE2CDA6F1E0007A0D3 /* iCamera.xcdatamodeld */,
			);
			path = CoreData;
			sourceTree = "<group>";
		};
		36F84FB92CD24A32008275F5 /* Font */ = {
			isa = PBXGroup;
			children = (
				36F84FC22CD25CA3008275F5 /* Karla-Medium.ttf */,
				36F84FC02CD24CC3008275F5 /* IBMPlexSansKR-Regular.ttf */,
				36F84FBE2CD24BA1008275F5 /* NanumGothicCoding-Regular.ttf */,
				36F84FBA2CD24A9C008275F5 /* NotoSansKR-Regular.ttf */,
			);
			path = Font;
			sourceTree = "<group>";
		};
		AB54171CED7E7CA70687D901 /* Pods */ = {
			isa = PBXGroup;
			children = (
				8FC7DDFADCE5355DD99BD502 /* Pods-iCamera.debug.xcconfig */,
				46AE29EE4F917B66260485F5 /* Pods-iCamera.release.xcconfig */,
				9AD89A73753ECDF8D5EE2EF4 /* Pods-iCamera-iCameraUITests.debug.xcconfig */,
				48749E9DD27FF6C0E7743471 /* Pods-iCamera-iCameraUITests.release.xcconfig */,
				4A294F65422997CABAAC1F83 /* Pods-iCameraTests.debug.xcconfig */,
				770D62A0D3B40BA5019B767E /* Pods-iCameraTests.release.xcconfig */,
			);
			path = Pods;
			sourceTree = "<group>";
		};
		E5F21F7012C7808264CEC618 /* Frameworks */ = {
			isa = PBXGroup;
			children = (
				FFD8CDA07FE90C39A19689A8 /* Pods_iCamera.framework */,
				B3B27E28F39C8695BE768B82 /* Pods_iCamera_iCameraUITests.framework */,
				230F65D1C15CBC0CEF069017 /* Pods_iCameraTests.framework */,
			);
			name = Frameworks;
			sourceTree = "<group>";
		};
/* End PBXGroup section */

/* Begin PBXNativeTarget section */
		369E7BF02C8DAB970044EAF1 /* iCamera */ = {
			isa = PBXNativeTarget;
			buildConfigurationList = 369E7C152C8DAB980044EAF1 /* Build configuration list for PBXNativeTarget "iCamera" */;
			buildPhases = (
				667EA686A5422FF81D76B2AF /* [CP] Check Pods Manifest.lock */,
				369E7BED2C8DAB970044EAF1 /* Sources */,
				369E7BEE2C8DAB970044EAF1 /* Frameworks */,
				369E7BEF2C8DAB970044EAF1 /* Resources */,
			);
			buildRules = (
			);
			dependencies = (
			);
			name = iCamera;
			productName = iCamera;
			productReference = 369E7BF12C8DAB970044EAF1 /* iCamera.app */;
			productType = "com.apple.product-type.application";
		};
		369E7C002C8DAB980044EAF1 /* iCameraTests */ = {
			isa = PBXNativeTarget;
			buildConfigurationList = 369E7C182C8DAB980044EAF1 /* Build configuration list for PBXNativeTarget "iCameraTests" */;
			buildPhases = (
				74C12CE3E9762CACF7F5AA61 /* [CP] Check Pods Manifest.lock */,
				369E7BFD2C8DAB980044EAF1 /* Sources */,
				369E7BFE2C8DAB980044EAF1 /* Frameworks */,
				369E7BFF2C8DAB980044EAF1 /* Resources */,
			);
			buildRules = (
			);
			dependencies = (
				369E7C032C8DAB980044EAF1 /* PBXTargetDependency */,
			);
			name = iCameraTests;
			productName = iCameraTests;
			productReference = 369E7C012C8DAB980044EAF1 /* iCameraTests.xctest */;
			productType = "com.apple.product-type.bundle.unit-test";
		};
		369E7C0A2C8DAB980044EAF1 /* iCameraUITests */ = {
			isa = PBXNativeTarget;
			buildConfigurationList = 369E7C1B2C8DAB980044EAF1 /* Build configuration list for PBXNativeTarget "iCameraUITests" */;
			buildPhases = (
				1D39200B7049A4C8A7F5F366 /* [CP] Check Pods Manifest.lock */,
				369E7C072C8DAB980044EAF1 /* Sources */,
				369E7C082C8DAB980044EAF1 /* Frameworks */,
				369E7C092C8DAB980044EAF1 /* Resources */,
			);
			buildRules = (
			);
			dependencies = (
				369E7C0D2C8DAB980044EAF1 /* PBXTargetDependency */,
			);
			name = iCameraUITests;
			productName = iCameraUITests;
			productReference = 369E7C0B2C8DAB980044EAF1 /* iCameraUITests.xctest */;
			productType = "com.apple.product-type.bundle.ui-testing";
		};
/* End PBXNativeTarget section */

/* Begin PBXProject section */
		369E7BE92C8DAB970044EAF1 /* Project object */ = {
			isa = PBXProject;
			attributes = {
				BuildIndependentTargetsInParallel = 1;
				LastSwiftUpdateCheck = 1520;
				LastUpgradeCheck = 1520;
				TargetAttributes = {
					369E7BF02C8DAB970044EAF1 = {
						CreatedOnToolsVersion = 15.2;
					};
					369E7C002C8DAB980044EAF1 = {
						CreatedOnToolsVersion = 15.2;
						TestTargetID = 369E7BF02C8DAB970044EAF1;
					};
					369E7C0A2C8DAB980044EAF1 = {
						CreatedOnToolsVersion = 15.2;
						TestTargetID = 369E7BF02C8DAB970044EAF1;
					};
				};
			};
			buildConfigurationList = 369E7BEC2C8DAB970044EAF1 /* Build configuration list for PBXProject "iCamera" */;
			compatibilityVersion = "Xcode 13.0";
			developmentRegion = ko;
			hasScannedForEncodings = 0;
			knownRegions = (
				en,
				Base,
				ko,
			);
			mainGroup = 369E7BE82C8DAB970044EAF1;
			productRefGroup = 369E7BF22C8DAB970044EAF1 /* Products */;
			projectDirPath = "";
			projectRoot = "";
			targets = (
				369E7BF02C8DAB970044EAF1 /* iCamera */,
				369E7C002C8DAB980044EAF1 /* iCameraTests */,
				369E7C0A2C8DAB980044EAF1 /* iCameraUITests */,
			);
		};
/* End PBXProject section */

/* Begin PBXResourcesBuildPhase section */
		369E7BEF2C8DAB970044EAF1 /* Resources */ = {
			isa = PBXResourcesBuildPhase;
			buildActionMask = 2147483647;
			files = (
				369E7BFC2C8DAB980044EAF1 /* Preview Assets.xcassets in Resources */,
				36F84FBF2CD24BA1008275F5 /* NanumGothicCoding-Regular.ttf in Resources */,
				369E7BF92C8DAB980044EAF1 /* Assets.xcassets in Resources */,
				36F84FC12CD24CC3008275F5 /* IBMPlexSansKR-Regular.ttf in Resources */,
				36B2AC9B2CABC2F300F28115 /* test.CUBE in Resources */,
				36F84FC32CD25CA3008275F5 /* Karla-Medium.ttf in Resources */,
				36B2ACA32CABDC3F00F28115 /* Going for a walk.CUBE in Resources */,
				36F84FBB2CD24A9C008275F5 /* NotoSansKR-Regular.ttf in Resources */,
			);
			runOnlyForDeploymentPostprocessing = 0;
		};
		369E7BFF2C8DAB980044EAF1 /* Resources */ = {
			isa = PBXResourcesBuildPhase;
			buildActionMask = 2147483647;
			files = (
			);
			runOnlyForDeploymentPostprocessing = 0;
		};
		369E7C092C8DAB980044EAF1 /* Resources */ = {
			isa = PBXResourcesBuildPhase;
			buildActionMask = 2147483647;
			files = (
			);
			runOnlyForDeploymentPostprocessing = 0;
		};
/* End PBXResourcesBuildPhase section */

/* Begin PBXShellScriptBuildPhase section */
		1D39200B7049A4C8A7F5F366 /* [CP] Check Pods Manifest.lock */ = {
			isa = PBXShellScriptBuildPhase;
			buildActionMask = 2147483647;
			files = (
			);
			inputFileListPaths = (
			);
			inputPaths = (
				"${PODS_PODFILE_DIR_PATH}/Podfile.lock",
				"${PODS_ROOT}/Manifest.lock",
			);
			name = "[CP] Check Pods Manifest.lock";
			outputFileListPaths = (
			);
			outputPaths = (
				"$(DERIVED_FILE_DIR)/Pods-iCamera-iCameraUITests-checkManifestLockResult.txt",
			);
			runOnlyForDeploymentPostprocessing = 0;
			shellPath = /bin/sh;
			shellScript = "diff \"${PODS_PODFILE_DIR_PATH}/Podfile.lock\" \"${PODS_ROOT}/Manifest.lock\" > /dev/null\nif [ $? != 0 ] ; then\n    # print error to STDERR\n    echo \"error: The sandbox is not in sync with the Podfile.lock. Run 'pod install' or update your CocoaPods installation.\" >&2\n    exit 1\nfi\n# This output is used by Xcode 'outputs' to avoid re-running this script phase.\necho \"SUCCESS\" > \"${SCRIPT_OUTPUT_FILE_0}\"\n";
			showEnvVarsInLog = 0;
		};
		667EA686A5422FF81D76B2AF /* [CP] Check Pods Manifest.lock */ = {
			isa = PBXShellScriptBuildPhase;
			buildActionMask = 2147483647;
			files = (
			);
			inputFileListPaths = (
			);
			inputPaths = (
				"${PODS_PODFILE_DIR_PATH}/Podfile.lock",
				"${PODS_ROOT}/Manifest.lock",
			);
			name = "[CP] Check Pods Manifest.lock";
			outputFileListPaths = (
			);
			outputPaths = (
				"$(DERIVED_FILE_DIR)/Pods-iCamera-checkManifestLockResult.txt",
			);
			runOnlyForDeploymentPostprocessing = 0;
			shellPath = /bin/sh;
			shellScript = "diff \"${PODS_PODFILE_DIR_PATH}/Podfile.lock\" \"${PODS_ROOT}/Manifest.lock\" > /dev/null\nif [ $? != 0 ] ; then\n    # print error to STDERR\n    echo \"error: The sandbox is not in sync with the Podfile.lock. Run 'pod install' or update your CocoaPods installation.\" >&2\n    exit 1\nfi\n# This output is used by Xcode 'outputs' to avoid re-running this script phase.\necho \"SUCCESS\" > \"${SCRIPT_OUTPUT_FILE_0}\"\n";
			showEnvVarsInLog = 0;
		};
		74C12CE3E9762CACF7F5AA61 /* [CP] Check Pods Manifest.lock */ = {
			isa = PBXShellScriptBuildPhase;
			buildActionMask = 2147483647;
			files = (
			);
			inputFileListPaths = (
			);
			inputPaths = (
				"${PODS_PODFILE_DIR_PATH}/Podfile.lock",
				"${PODS_ROOT}/Manifest.lock",
			);
			name = "[CP] Check Pods Manifest.lock";
			outputFileListPaths = (
			);
			outputPaths = (
				"$(DERIVED_FILE_DIR)/Pods-iCameraTests-checkManifestLockResult.txt",
			);
			runOnlyForDeploymentPostprocessing = 0;
			shellPath = /bin/sh;
			shellScript = "diff \"${PODS_PODFILE_DIR_PATH}/Podfile.lock\" \"${PODS_ROOT}/Manifest.lock\" > /dev/null\nif [ $? != 0 ] ; then\n    # print error to STDERR\n    echo \"error: The sandbox is not in sync with the Podfile.lock. Run 'pod install' or update your CocoaPods installation.\" >&2\n    exit 1\nfi\n# This output is used by Xcode 'outputs' to avoid re-running this script phase.\necho \"SUCCESS\" > \"${SCRIPT_OUTPUT_FILE_0}\"\n";
			showEnvVarsInLog = 0;
		};
/* End PBXShellScriptBuildPhase section */

/* Begin PBXSourcesBuildPhase section */
		369E7BED2C8DAB970044EAF1 /* Sources */ = {
			isa = PBXSourcesBuildPhase;
			buildActionMask = 2147483647;
			files = (
				36810C572C8F3199002C680A /* TestView.swift in Sources */,
				3682EF1A2CC8BA5D00D18FE1 /* AttributedTextView.swift in Sources */,
				36BCF7242C94AA8500FF2529 /* AlbumManager.swift in Sources */,
				3692E40E2CC527E0003CBACB /* TextMenuView.swift in Sources */,
				362940D62CC3F12C007C8A54 /* TextManager.swift in Sources */,
				3682EF1C2CC8ECC500D18FE1 /* TextView.swift in Sources */,
				3605F56E2C91957600665348 /* FlashButtonView.swift in Sources */,
				369E7BF72C8DAB970044EAF1 /* ContentView.swift in Sources */,
				3634CAC32CC91DD20061D5DE /* Extension+View.swift in Sources */,
				36810C512C8F0F09002C680A /* MainView.swift in Sources */,
				3605F5642C913CDF00665348 /* Colors.swift in Sources */,
				36810C552C8F287A002C680A /* ListView.swift in Sources */,
				36810C532C8F1E7E002C680A /* TopBarView.swift in Sources */,
				361C09D42CC68D6F00BFF4E3 /* KeyboardAwareModifier.swift in Sources */,
				36D221D02CDA6F1E0007A0D3 /* iCamera.xcdatamodeld in Sources */,
				3692E40C2CC4E540003CBACB /* CustomTextEditor.swift in Sources */,
				369E7BF52C8DAB970044EAF1 /* iCameraApp.swift in Sources */,
				36D221BB2CDA4C000007A0D3 /* CoreDataManager.swift in Sources */,
				36A954C42CB25BDE00E43960 /* CutImageManager.swift in Sources */,
				3692E4102CC544E9003CBACB /* SelectColorView.swift in Sources */,
				362222362CA0087600AA9EA5 /* EditPhotoView.swift in Sources */,
				36447A382CAC0DDA008E1268 /* LUTManager.swift in Sources */,
				36F84FB62CD1EA7D008275F5 /* CalendarCell.swift in Sources */,
				36CF3DF32CB139C5004D58BF /* CutImageView.swift in Sources */,
				36F84FB82CD1EFBC008275F5 /* GradientRectangleView.swift in Sources */,
				362222382CA00E1F00AA9EA5 /* MenuButtonView.swift in Sources */,
				366AC8662CB1572B007A15D1 /* MaskRectangleView.swift in Sources */,
				369651602CA9831E004E0134 /* TestPhotoView.swift in Sources */,
				362BD6B72CAAE3ED000955D5 /* MenuButtonManager.swift in Sources */,
				3601C59D2C954E6800E71978 /* AlbumView.swift in Sources */,
				36130FB52C98507100BAD2F8 /* ScrollViewWithOnScrollChanged.swift in Sources */,
				3697D1B32C9FEF990012ABDC /* NotificationName.swift in Sources */,
				362BD6B32CAADB4C000955D5 /* FilterManager.swift in Sources */,
				36697BFF2CD1241B00070A55 /* CalendarManager.swift in Sources */,
				3688E9EF2CAE7036001DC9DC /* StickerManager.swift in Sources */,
				36D221C12CDA5C760007A0D3 /* CalendarData.swift in Sources */,
				36A12E092CA19D1F00228784 /* FilterImageView.swift in Sources */,
				362BD6B52CAAE351000955D5 /* EditImageView.swift in Sources */,
				36F84FBD2CD24AE5008275F5 /* Font.swift in Sources */,
				368D426E2CCBCF9B00E3E0FB /* CalendarView.swift in Sources */,
				366AC8682CB15B27007A15D1 /* SelectionFrameView.swift in Sources */,
				364B4C482CD8F20400CE5627 /* DestinationView.swift in Sources */,
				36CFA3712CD345D100DF6E1E /* CommentsView.swift in Sources */,
				3688E9ED2CAE6933001DC9DC /* StickerView.swift in Sources */,
				36D096212C943DCA00F37AE0 /* GalleryView.swift in Sources */,
				3605F5682C917DBF00665348 /* CameraManager.swift in Sources */,
				3692E40A2CC4D3AC003CBACB /* TextInputView.swift in Sources */,
				3605F5662C917CDD00665348 /* CameraView.swift in Sources */,
			);
			runOnlyForDeploymentPostprocessing = 0;
		};
		369E7BFD2C8DAB980044EAF1 /* Sources */ = {
			isa = PBXSourcesBuildPhase;
			buildActionMask = 2147483647;
			files = (
				369E7C062C8DAB980044EAF1 /* iCameraTests.swift in Sources */,
			);
			runOnlyForDeploymentPostprocessing = 0;
		};
		369E7C072C8DAB980044EAF1 /* Sources */ = {
			isa = PBXSourcesBuildPhase;
			buildActionMask = 2147483647;
			files = (
				369E7C102C8DAB980044EAF1 /* iCameraUITests.swift in Sources */,
				369E7C122C8DAB980044EAF1 /* iCameraUITestsLaunchTests.swift in Sources */,
			);
			runOnlyForDeploymentPostprocessing = 0;
		};
/* End PBXSourcesBuildPhase section */

/* Begin PBXTargetDependency section */
		369E7C032C8DAB980044EAF1 /* PBXTargetDependency */ = {
			isa = PBXTargetDependency;
			target = 369E7BF02C8DAB970044EAF1 /* iCamera */;
			targetProxy = 369E7C022C8DAB980044EAF1 /* PBXContainerItemProxy */;
		};
		369E7C0D2C8DAB980044EAF1 /* PBXTargetDependency */ = {
			isa = PBXTargetDependency;
			target = 369E7BF02C8DAB970044EAF1 /* iCamera */;
			targetProxy = 369E7C0C2C8DAB980044EAF1 /* PBXContainerItemProxy */;
		};
/* End PBXTargetDependency section */

/* Begin XCBuildConfiguration section */
		369E7C132C8DAB980044EAF1 /* Debug */ = {
			isa = XCBuildConfiguration;
			buildSettings = {
				ALWAYS_SEARCH_USER_PATHS = NO;
				ASSETCATALOG_COMPILER_GENERATE_SWIFT_ASSET_SYMBOL_EXTENSIONS = YES;
				CLANG_ANALYZER_NONNULL = YES;
				CLANG_ANALYZER_NUMBER_OBJECT_CONVERSION = YES_AGGRESSIVE;
				CLANG_CXX_LANGUAGE_STANDARD = "gnu++20";
				CLANG_ENABLE_MODULES = YES;
				CLANG_ENABLE_OBJC_ARC = YES;
				CLANG_ENABLE_OBJC_WEAK = YES;
				CLANG_WARN_BLOCK_CAPTURE_AUTORELEASING = YES;
				CLANG_WARN_BOOL_CONVERSION = YES;
				CLANG_WARN_COMMA = YES;
				CLANG_WARN_CONSTANT_CONVERSION = YES;
				CLANG_WARN_DEPRECATED_OBJC_IMPLEMENTATIONS = YES;
				CLANG_WARN_DIRECT_OBJC_ISA_USAGE = YES_ERROR;
				CLANG_WARN_DOCUMENTATION_COMMENTS = YES;
				CLANG_WARN_EMPTY_BODY = YES;
				CLANG_WARN_ENUM_CONVERSION = YES;
				CLANG_WARN_INFINITE_RECURSION = YES;
				CLANG_WARN_INT_CONVERSION = YES;
				CLANG_WARN_NON_LITERAL_NULL_CONVERSION = YES;
				CLANG_WARN_OBJC_IMPLICIT_RETAIN_SELF = YES;
				CLANG_WARN_OBJC_LITERAL_CONVERSION = YES;
				CLANG_WARN_OBJC_ROOT_CLASS = YES_ERROR;
				CLANG_WARN_QUOTED_INCLUDE_IN_FRAMEWORK_HEADER = YES;
				CLANG_WARN_RANGE_LOOP_ANALYSIS = YES;
				CLANG_WARN_STRICT_PROTOTYPES = YES;
				CLANG_WARN_SUSPICIOUS_MOVE = YES;
				CLANG_WARN_UNGUARDED_AVAILABILITY = YES_AGGRESSIVE;
				CLANG_WARN_UNREACHABLE_CODE = YES;
				CLANG_WARN__DUPLICATE_METHOD_MATCH = YES;
				COPY_PHASE_STRIP = NO;
				DEBUG_INFORMATION_FORMAT = dwarf;
				ENABLE_STRICT_OBJC_MSGSEND = YES;
				ENABLE_TESTABILITY = YES;
				ENABLE_USER_SCRIPT_SANDBOXING = YES;
				GCC_C_LANGUAGE_STANDARD = gnu17;
				GCC_DYNAMIC_NO_PIC = NO;
				GCC_NO_COMMON_BLOCKS = YES;
				GCC_OPTIMIZATION_LEVEL = 0;
				GCC_PREPROCESSOR_DEFINITIONS = (
					"DEBUG=1",
					"$(inherited)",
				);
				GCC_WARN_64_TO_32_BIT_CONVERSION = YES;
				GCC_WARN_ABOUT_RETURN_TYPE = YES_ERROR;
				GCC_WARN_UNDECLARED_SELECTOR = YES;
				GCC_WARN_UNINITIALIZED_AUTOS = YES_AGGRESSIVE;
				GCC_WARN_UNUSED_FUNCTION = YES;
				GCC_WARN_UNUSED_VARIABLE = YES;
				IPHONEOS_DEPLOYMENT_TARGET = 16.0;
				LOCALIZATION_PREFERS_STRING_CATALOGS = YES;
				MTL_ENABLE_DEBUG_INFO = INCLUDE_SOURCE;
				MTL_FAST_MATH = YES;
				ONLY_ACTIVE_ARCH = YES;
				SDKROOT = iphoneos;
				SWIFT_ACTIVE_COMPILATION_CONDITIONS = "DEBUG $(inherited)";
				SWIFT_OPTIMIZATION_LEVEL = "-Onone";
			};
			name = Debug;
		};
		369E7C142C8DAB980044EAF1 /* Release */ = {
			isa = XCBuildConfiguration;
			buildSettings = {
				ALWAYS_SEARCH_USER_PATHS = NO;
				ASSETCATALOG_COMPILER_GENERATE_SWIFT_ASSET_SYMBOL_EXTENSIONS = YES;
				CLANG_ANALYZER_NONNULL = YES;
				CLANG_ANALYZER_NUMBER_OBJECT_CONVERSION = YES_AGGRESSIVE;
				CLANG_CXX_LANGUAGE_STANDARD = "gnu++20";
				CLANG_ENABLE_MODULES = YES;
				CLANG_ENABLE_OBJC_ARC = YES;
				CLANG_ENABLE_OBJC_WEAK = YES;
				CLANG_WARN_BLOCK_CAPTURE_AUTORELEASING = YES;
				CLANG_WARN_BOOL_CONVERSION = YES;
				CLANG_WARN_COMMA = YES;
				CLANG_WARN_CONSTANT_CONVERSION = YES;
				CLANG_WARN_DEPRECATED_OBJC_IMPLEMENTATIONS = YES;
				CLANG_WARN_DIRECT_OBJC_ISA_USAGE = YES_ERROR;
				CLANG_WARN_DOCUMENTATION_COMMENTS = YES;
				CLANG_WARN_EMPTY_BODY = YES;
				CLANG_WARN_ENUM_CONVERSION = YES;
				CLANG_WARN_INFINITE_RECURSION = YES;
				CLANG_WARN_INT_CONVERSION = YES;
				CLANG_WARN_NON_LITERAL_NULL_CONVERSION = YES;
				CLANG_WARN_OBJC_IMPLICIT_RETAIN_SELF = YES;
				CLANG_WARN_OBJC_LITERAL_CONVERSION = YES;
				CLANG_WARN_OBJC_ROOT_CLASS = YES_ERROR;
				CLANG_WARN_QUOTED_INCLUDE_IN_FRAMEWORK_HEADER = YES;
				CLANG_WARN_RANGE_LOOP_ANALYSIS = YES;
				CLANG_WARN_STRICT_PROTOTYPES = YES;
				CLANG_WARN_SUSPICIOUS_MOVE = YES;
				CLANG_WARN_UNGUARDED_AVAILABILITY = YES_AGGRESSIVE;
				CLANG_WARN_UNREACHABLE_CODE = YES;
				CLANG_WARN__DUPLICATE_METHOD_MATCH = YES;
				COPY_PHASE_STRIP = NO;
				DEBUG_INFORMATION_FORMAT = "dwarf-with-dsym";
				ENABLE_NS_ASSERTIONS = NO;
				ENABLE_STRICT_OBJC_MSGSEND = YES;
				ENABLE_USER_SCRIPT_SANDBOXING = YES;
				GCC_C_LANGUAGE_STANDARD = gnu17;
				GCC_NO_COMMON_BLOCKS = YES;
				GCC_WARN_64_TO_32_BIT_CONVERSION = YES;
				GCC_WARN_ABOUT_RETURN_TYPE = YES_ERROR;
				GCC_WARN_UNDECLARED_SELECTOR = YES;
				GCC_WARN_UNINITIALIZED_AUTOS = YES_AGGRESSIVE;
				GCC_WARN_UNUSED_FUNCTION = YES;
				GCC_WARN_UNUSED_VARIABLE = YES;
				IPHONEOS_DEPLOYMENT_TARGET = 16.0;
				LOCALIZATION_PREFERS_STRING_CATALOGS = YES;
				MTL_ENABLE_DEBUG_INFO = NO;
				MTL_FAST_MATH = YES;
				SDKROOT = iphoneos;
				SWIFT_COMPILATION_MODE = wholemodule;
				VALIDATE_PRODUCT = YES;
			};
			name = Release;
		};
		369E7C162C8DAB980044EAF1 /* Debug */ = {
			isa = XCBuildConfiguration;
			baseConfigurationReference = 8FC7DDFADCE5355DD99BD502 /* Pods-iCamera.debug.xcconfig */;
			buildSettings = {
				ASSETCATALOG_COMPILER_APPICON_NAME = AppIcon;
				ASSETCATALOG_COMPILER_GLOBAL_ACCENT_COLOR_NAME = AccentColor;
				CODE_SIGN_STYLE = Automatic;
				CURRENT_PROJECT_VERSION = 1;
				DEVELOPMENT_ASSET_PATHS = "\"iCamera/Preview Content\"";
				DEVELOPMENT_TEAM = SG72AH33ZM;
				ENABLE_PREVIEWS = YES;
				GENERATE_INFOPLIST_FILE = YES;
				INFOPLIST_FILE = iCamera/Info.plist;
				INFOPLIST_KEY_NSCameraUsageDescription = "카메라 권한을 허용해주세요.";
				INFOPLIST_KEY_NSPhotoLibraryUsageDescription = "앨범 접근 권한을 허용해주세요.";
				INFOPLIST_KEY_UIApplicationSceneManifest_Generation = YES;
				INFOPLIST_KEY_UIApplicationSupportsIndirectInputEvents = YES;
				INFOPLIST_KEY_UILaunchScreen_Generation = YES;
				INFOPLIST_KEY_UISupportedInterfaceOrientations = UIInterfaceOrientationPortrait;
				INFOPLIST_KEY_UISupportedInterfaceOrientations_iPad = "UIInterfaceOrientationPortrait UIInterfaceOrientationPortraitUpsideDown UIInterfaceOrientationLandscapeLeft UIInterfaceOrientationLandscapeRight";
				INFOPLIST_KEY_UISupportedInterfaceOrientations_iPhone = "UIInterfaceOrientationPortrait UIInterfaceOrientationLandscapeLeft UIInterfaceOrientationLandscapeRight";
				IPHONEOS_DEPLOYMENT_TARGET = 15.0;
				LD_RUNPATH_SEARCH_PATHS = (
					"$(inherited)",
					"@executable_path/Frameworks",
				);
				MARKETING_VERSION = 1.0;
				PRODUCT_BUNDLE_IDENTIFIER = com.8zipcore.iCamera;
				PRODUCT_NAME = "$(TARGET_NAME)";
				SWIFT_EMIT_LOC_STRINGS = YES;
				SWIFT_VERSION = 5.0;
				TARGETED_DEVICE_FAMILY = "1,2";
			};
			name = Debug;
		};
		369E7C172C8DAB980044EAF1 /* Release */ = {
			isa = XCBuildConfiguration;
			baseConfigurationReference = 46AE29EE4F917B66260485F5 /* Pods-iCamera.release.xcconfig */;
			buildSettings = {
				ASSETCATALOG_COMPILER_APPICON_NAME = AppIcon;
				ASSETCATALOG_COMPILER_GLOBAL_ACCENT_COLOR_NAME = AccentColor;
				CODE_SIGN_STYLE = Automatic;
				CURRENT_PROJECT_VERSION = 1;
				DEVELOPMENT_ASSET_PATHS = "\"iCamera/Preview Content\"";
				DEVELOPMENT_TEAM = SG72AH33ZM;
				ENABLE_PREVIEWS = YES;
				GENERATE_INFOPLIST_FILE = YES;
				INFOPLIST_FILE = iCamera/Info.plist;
				INFOPLIST_KEY_NSCameraUsageDescription = "카메라 권한을 허용해주세요.";
				INFOPLIST_KEY_NSPhotoLibraryUsageDescription = "앨범 접근 권한을 허용해주세요.";
				INFOPLIST_KEY_UIApplicationSceneManifest_Generation = YES;
				INFOPLIST_KEY_UIApplicationSupportsIndirectInputEvents = YES;
				INFOPLIST_KEY_UILaunchScreen_Generation = YES;
				INFOPLIST_KEY_UISupportedInterfaceOrientations = UIInterfaceOrientationPortrait;
				INFOPLIST_KEY_UISupportedInterfaceOrientations_iPad = "UIInterfaceOrientationPortrait UIInterfaceOrientationPortraitUpsideDown UIInterfaceOrientationLandscapeLeft UIInterfaceOrientationLandscapeRight";
				INFOPLIST_KEY_UISupportedInterfaceOrientations_iPhone = "UIInterfaceOrientationPortrait UIInterfaceOrientationLandscapeLeft UIInterfaceOrientationLandscapeRight";
				IPHONEOS_DEPLOYMENT_TARGET = 15.0;
				LD_RUNPATH_SEARCH_PATHS = (
					"$(inherited)",
					"@executable_path/Frameworks",
				);
				MARKETING_VERSION = 1.0;
				PRODUCT_BUNDLE_IDENTIFIER = com.8zipcore.iCamera;
				PRODUCT_NAME = "$(TARGET_NAME)";
				SWIFT_EMIT_LOC_STRINGS = YES;
				SWIFT_VERSION = 5.0;
				TARGETED_DEVICE_FAMILY = "1,2";
			};
			name = Release;
		};
		369E7C192C8DAB980044EAF1 /* Debug */ = {
			isa = XCBuildConfiguration;
			baseConfigurationReference = 4A294F65422997CABAAC1F83 /* Pods-iCameraTests.debug.xcconfig */;
			buildSettings = {
				ALWAYS_EMBED_SWIFT_STANDARD_LIBRARIES = YES;
				BUNDLE_LOADER = "$(TEST_HOST)";
				CODE_SIGN_STYLE = Automatic;
				CURRENT_PROJECT_VERSION = 1;
				DEVELOPMENT_TEAM = SG72AH33ZM;
				GENERATE_INFOPLIST_FILE = YES;
				IPHONEOS_DEPLOYMENT_TARGET = 17.2;
				MARKETING_VERSION = 1.0;
				PRODUCT_BUNDLE_IDENTIFIER = com.8zipcore.iCameraTests;
				PRODUCT_NAME = "$(TARGET_NAME)";
				SWIFT_EMIT_LOC_STRINGS = NO;
				SWIFT_VERSION = 5.0;
				TARGETED_DEVICE_FAMILY = "1,2";
				TEST_HOST = "$(BUILT_PRODUCTS_DIR)/iCamera.app/$(BUNDLE_EXECUTABLE_FOLDER_PATH)/iCamera";
			};
			name = Debug;
		};
		369E7C1A2C8DAB980044EAF1 /* Release */ = {
			isa = XCBuildConfiguration;
			baseConfigurationReference = 770D62A0D3B40BA5019B767E /* Pods-iCameraTests.release.xcconfig */;
			buildSettings = {
				ALWAYS_EMBED_SWIFT_STANDARD_LIBRARIES = YES;
				BUNDLE_LOADER = "$(TEST_HOST)";
				CODE_SIGN_STYLE = Automatic;
				CURRENT_PROJECT_VERSION = 1;
				DEVELOPMENT_TEAM = SG72AH33ZM;
				GENERATE_INFOPLIST_FILE = YES;
				IPHONEOS_DEPLOYMENT_TARGET = 17.2;
				MARKETING_VERSION = 1.0;
				PRODUCT_BUNDLE_IDENTIFIER = com.8zipcore.iCameraTests;
				PRODUCT_NAME = "$(TARGET_NAME)";
				SWIFT_EMIT_LOC_STRINGS = NO;
				SWIFT_VERSION = 5.0;
				TARGETED_DEVICE_FAMILY = "1,2";
				TEST_HOST = "$(BUILT_PRODUCTS_DIR)/iCamera.app/$(BUNDLE_EXECUTABLE_FOLDER_PATH)/iCamera";
			};
			name = Release;
		};
		369E7C1C2C8DAB980044EAF1 /* Debug */ = {
			isa = XCBuildConfiguration;
			baseConfigurationReference = 9AD89A73753ECDF8D5EE2EF4 /* Pods-iCamera-iCameraUITests.debug.xcconfig */;
			buildSettings = {
				ALWAYS_EMBED_SWIFT_STANDARD_LIBRARIES = YES;
				CODE_SIGN_STYLE = Automatic;
				CURRENT_PROJECT_VERSION = 1;
				DEVELOPMENT_TEAM = SG72AH33ZM;
				GENERATE_INFOPLIST_FILE = YES;
				MARKETING_VERSION = 1.0;
				PRODUCT_BUNDLE_IDENTIFIER = com.8zipcore.iCameraUITests;
				PRODUCT_NAME = "$(TARGET_NAME)";
				SWIFT_EMIT_LOC_STRINGS = NO;
				SWIFT_VERSION = 5.0;
				TARGETED_DEVICE_FAMILY = "1,2";
				TEST_TARGET_NAME = iCamera;
			};
			name = Debug;
		};
		369E7C1D2C8DAB980044EAF1 /* Release */ = {
			isa = XCBuildConfiguration;
			baseConfigurationReference = 48749E9DD27FF6C0E7743471 /* Pods-iCamera-iCameraUITests.release.xcconfig */;
			buildSettings = {
				ALWAYS_EMBED_SWIFT_STANDARD_LIBRARIES = YES;
				CODE_SIGN_STYLE = Automatic;
				CURRENT_PROJECT_VERSION = 1;
				DEVELOPMENT_TEAM = SG72AH33ZM;
				GENERATE_INFOPLIST_FILE = YES;
				MARKETING_VERSION = 1.0;
				PRODUCT_BUNDLE_IDENTIFIER = com.8zipcore.iCameraUITests;
				PRODUCT_NAME = "$(TARGET_NAME)";
				SWIFT_EMIT_LOC_STRINGS = NO;
				SWIFT_VERSION = 5.0;
				TARGETED_DEVICE_FAMILY = "1,2";
				TEST_TARGET_NAME = iCamera;
			};
			name = Release;
		};
/* End XCBuildConfiguration section */

/* Begin XCConfigurationList section */
		369E7BEC2C8DAB970044EAF1 /* Build configuration list for PBXProject "iCamera" */ = {
			isa = XCConfigurationList;
			buildConfigurations = (
				369E7C132C8DAB980044EAF1 /* Debug */,
				369E7C142C8DAB980044EAF1 /* Release */,
			);
			defaultConfigurationIsVisible = 0;
			defaultConfigurationName = Release;
		};
		369E7C152C8DAB980044EAF1 /* Build configuration list for PBXNativeTarget "iCamera" */ = {
			isa = XCConfigurationList;
			buildConfigurations = (
				369E7C162C8DAB980044EAF1 /* Debug */,
				369E7C172C8DAB980044EAF1 /* Release */,
			);
			defaultConfigurationIsVisible = 0;
			defaultConfigurationName = Release;
		};
		369E7C182C8DAB980044EAF1 /* Build configuration list for PBXNativeTarget "iCameraTests" */ = {
			isa = XCConfigurationList;
			buildConfigurations = (
				369E7C192C8DAB980044EAF1 /* Debug */,
				369E7C1A2C8DAB980044EAF1 /* Release */,
			);
			defaultConfigurationIsVisible = 0;
			defaultConfigurationName = Release;
		};
		369E7C1B2C8DAB980044EAF1 /* Build configuration list for PBXNativeTarget "iCameraUITests" */ = {
			isa = XCConfigurationList;
			buildConfigurations = (
				369E7C1C2C8DAB980044EAF1 /* Debug */,
				369E7C1D2C8DAB980044EAF1 /* Release */,
			);
			defaultConfigurationIsVisible = 0;
			defaultConfigurationName = Release;
		};
/* End XCConfigurationList section */

/* Begin XCVersionGroup section */
		36D221CE2CDA6F1E0007A0D3 /* iCamera.xcdatamodeld */ = {
			isa = XCVersionGroup;
			children = (
				36D221CF2CDA6F1E0007A0D3 /* iCamera.xcdatamodel */,
			);
			currentVersion = 36D221CF2CDA6F1E0007A0D3 /* iCamera.xcdatamodel */;
			path = iCamera.xcdatamodeld;
			sourceTree = "<group>";
			versionGroupType = wrapper.xcdatamodel;
		};
/* End XCVersionGroup section */
	};
	rootObject = 369E7BE92C8DAB970044EAF1 /* Project object */;
}
